
Microsoft Visual Studio Solution File, Format Version 12.00
# Visual Studio Version 17
VisualStudioVersion = 17.1.32319.34
MinimumVisualStudioVersion = 10.0.40219.1
Project("{9A19103F-16F7-4668-BE54-9A1E7A4F7556}") = "Promart", "Promart\Promart.csproj", "{BE271317-ACA3-47DB-B264-879763A3AFC3}"
EndProject
Project("{FAE04EC0-301F-11D3-BF4B-00C04F79EFBC}") = "Promart.API", "Promart.API\Promart.API.csproj", "{BDCDD60D-B516-4136-B69C-1237FB1445B4}"
EndProject
Global
	GlobalSection(SolutionConfigurationPlatforms) = preSolution
		Debug|Any CPU = Debug|Any CPU
		Release|Any CPU = Release|Any CPU
	EndGlobalSection
	GlobalSection(ProjectConfigurationPlatforms) = postSolution
		{BE271317-ACA3-47DB-B264-879763A3AFC3}.Debug|Any CPU.ActiveCfg = Debug|Any CPU
		{BE271317-ACA3-47DB-B264-879763A3AFC3}.Debug|Any CPU.Build.0 = Debug|Any CPU
		{BE271317-ACA3-47DB-B264-879763A3AFC3}.Release|Any CPU.ActiveCfg = Release|Any CPU
		{BE271317-ACA3-47DB-B264-879763A3AFC3}.Release|Any CPU.Build.0 = Release|Any CPU
		{BDCDD60D-B516-4136-B69C-1237FB1445B4}.Debug|Any CPU.ActiveCfg = Debug|Any CPU
		{BDCDD60D-B516-4136-B69C-1237FB1445B4}.Debug|Any CPU.Build.0 = Debug|Any CPU
		{BDCDD60D-B516-4136-B69C-1237FB1445B4}.Release|Any CPU.ActiveCfg = Release|Any CPU
		{BDCDD60D-B516-4136-B69C-1237FB1445B4}.Release|Any CPU.Build.0 = Release|Any CPU
	EndGlobalSection
	GlobalSection(SolutionProperties) = preSolution
		HideSolutionNode = FALSE
	EndGlobalSection
	GlobalSection(ExtensibilityGlobals) = postSolution
		SolutionGuid = {37028B75-36E3-4085-81A5-76CFDAC54523}
	EndGlobalSection
EndGlobal
